
Microsoft Visual Studio Solution File, Format Version 12.00
# Visual Studio Version 17
VisualStudioVersion = 17.3.32922.545
MinimumVisualStudioVersion = 10.0.40219.1
Project("{FAE04EC0-301F-11D3-BF4B-00C04F79EFBC}") = "EducationProgramsWebApplication", "EducationProgramsWebApplication\EducationProgramsWebApplication.csproj", "{649C6C50-4DC9-44A7-B160-BD490FB7ABEA}"
EndProject
Global
	GlobalSection(SolutionConfigurationPlatforms) = preSolution
		Debug|Any CPU = Debug|Any CPU
		Release|Any CPU = Release|Any CPU
	EndGlobalSection
	GlobalSection(ProjectConfigurationPlatforms) = postSolution
		{649C6C50-4DC9-44A7-B160-BD490FB7ABEA}.Debug|Any CPU.ActiveCfg = Debug|Any CPU
		{649C6C50-4DC9-44A7-B160-BD490FB7ABEA}.Debug|Any CPU.Build.0 = Debug|Any CPU
		{649C6C50-4DC9-44A7-B160-BD490FB7ABEA}.Release|Any CPU.ActiveCfg = Release|Any CPU
		{649C6C50-4DC9-44A7-B160-BD490FB7ABEA}.Release|Any CPU.Build.0 = Release|Any CPU
	EndGlobalSection
	GlobalSection(SolutionProperties) = preSolution
		HideSolutionNode = FALSE
	EndGlobalSection
	GlobalSection(ExtensibilityGlobals) = postSolution
		SolutionGuid = {0F578140-4BEC-4238-90BE-4F52A068364D}
	EndGlobalSection
EndGlobal
